{
    "version": 3,
    "terraform_version": "0.11.8",
    "serial": 29,
    "lineage": "d1b595c8-fcd5-e94e-4440-703dbacffd0e",
    "modules": [
        {
            "path": [
                "root"
            ],
            "outputs": {},
            "resources": {
                "google_compute_firewall.default": {
                    "type": "google_compute_firewall",
                    "depends_on": [],
                    "primary": {
                        "id": "jenkins-firewall",
                        "attributes": {
                            "allow.#": "2",
                            "allow.1367131964.ports.#": "0",
                            "allow.1367131964.protocol": "icmp",
                            "allow.2481140388.ports.#": "1",
                            "allow.2481140388.ports.0": "8080",
                            "allow.2481140388.protocol": "tcp",
                            "deny.#": "0",
                            "description": "",
                            "destination_ranges.#": "0",
                            "direction": "INGRESS",
                            "disabled": "false",
                            "id": "jenkins-firewall",
                            "name": "jenkins-firewall",
                            "network": "https://www.googleapis.com/compute/v1/projects/hybrid-saga-214108/global/networks/default",
                            "priority": "1000",
                            "project": "hybrid-saga-214108",
                            "self_link": "https://www.googleapis.com/compute/v1/projects/hybrid-saga-214108/global/firewalls/jenkins-firewall",
                            "source_ranges.#": "1",
                            "source_ranges.1080289494": "0.0.0.0/0",
                            "source_service_accounts.#": "0",
                            "source_tags.#": "0",
                            "target_service_accounts.#": "0",
                            "target_tags.#": "0"
                        },
                        "meta": {
                            "schema_version": "1"
                        },
                        "tainted": false
                    },
                    "deposed": [],
                    "provider": "provider.google"
                },
                "google_compute_instance.default": {
                    "type": "google_compute_instance",
                    "depends_on": [],
                    "primary": {
                        "id": "jenkins",
                        "attributes": {
                            "attached_disk.#": "0",
                            "boot_disk.#": "1",
                            "boot_disk.0.auto_delete": "true",
                            "boot_disk.0.device_name": "persistent-disk-0",
                            "boot_disk.0.disk_encryption_key_raw": "",
                            "boot_disk.0.disk_encryption_key_sha256": "",
                            "boot_disk.0.initialize_params.#": "1",
                            "boot_disk.0.initialize_params.0.image": "https://www.googleapis.com/compute/v1/projects/centos-cloud/global/images/centos-7-v20180815",
                            "boot_disk.0.initialize_params.0.size": "10",
                            "boot_disk.0.initialize_params.0.type": "pd-standard",
                            "boot_disk.0.source": "https://www.googleapis.com/compute/v1/projects/hybrid-saga-214108/zones/europe-west2-c/disks/jenkins",
                            "can_ip_forward": "false",
                            "cpu_platform": "Intel Broadwell",
                            "create_timeout": "4",
                            "deletion_protection": "false",
                            "guest_accelerator.#": "0",
                            "id": "jenkins",
                            "instance_id": "2809689584901668125",
                            "label_fingerprint": "42WmSpB8rSM=",
                            "labels.%": "0",
                            "machine_type": "f1-micro",
                            "metadata.%": "1",
                            "metadata.sshKeys": "terraform:ssh-rsa AAAAB3NzaC1yc2EAAAADAQABAAABAQCoP1HucWR2SRaMzuGIk2LxnMLTaNRzlfA0moee6V/8OLZlkeLkbm/PE/bS3oQCDxIQmGKhjmH8eFD1zqQoocAa9BQMrJA3Rlkdd/6njq8hjxOV4QwV+Wyk2g+vNuG0+6vkIvV7OMLWTcpNXBjXgZadswAl3R5ObCHIGCXON9jLf/9KZn85q4NWSRYWUTS2Lk97kziIMgnFMCTFv3s/k6AcIi3YHBE3gYFKqVaByqBFmZFbvt+5QCB7zPP7Rw3RfatZF7bGQvfz0neC2FnePsW6V4lWBm9NZZkS81o4cngZDa7b5n46sQMFmeEbkW6pYRdloLUqZ5+YVVzE8+k4sfoP vagrant@localhost.localdomain\n",
                            "metadata_fingerprint": "GnpjnXB_Phk=",
                            "metadata_startup_script": "",
                            "min_cpu_platform": "",
                            "name": "jenkins",
                            "network_interface.#": "1",
                            "network_interface.0.access_config.#": "1",
                            "network_interface.0.access_config.0.assigned_nat_ip": "35.242.169.101",
                            "network_interface.0.access_config.0.nat_ip": "35.242.169.101",
                            "network_interface.0.access_config.0.network_tier": "PREMIUM",
                            "network_interface.0.access_config.0.public_ptr_domain_name": "",
                            "network_interface.0.address": "10.154.0.2",
                            "network_interface.0.alias_ip_range.#": "0",
                            "network_interface.0.name": "nic0",
                            "network_interface.0.network": "https://www.googleapis.com/compute/v1/projects/hybrid-saga-214108/global/networks/default",
                            "network_interface.0.network_ip": "10.154.0.2",
                            "network_interface.0.subnetwork": "https://www.googleapis.com/compute/v1/projects/hybrid-saga-214108/regions/europe-west2/subnetworks/default",
                            "network_interface.0.subnetwork_project": "hybrid-saga-214108",
                            "project": "hybrid-saga-214108",
                            "scheduling.#": "1",
                            "scheduling.0.automatic_restart": "false",
                            "scheduling.0.on_host_maintenance": "MIGRATE",
                            "scheduling.0.preemptible": "false",
                            "scratch_disk.#": "0",
                            "self_link": "https://www.googleapis.com/compute/v1/projects/hybrid-saga-214108/zones/europe-west2-c/instances/jenkins",
                            "service_account.#": "0",
                            "tags.#": "1",
                            "tags.171330589": "jenkins-firewall",
                            "tags_fingerprint": "UO6FIoLYdcA=",
                            "zone": "europe-west2-c"
                        },
                        "meta": {
                            "e2bfb730-ecaa-11e6-8f88-34363bc7c4c0": {
                                "create": 360000000000,
                                "delete": 360000000000,
                                "update": 360000000000
                            },
                            "schema_version": "6"
                        },
                        "tainted": false
                    },
                    "deposed": [],
                    "provider": "provider.google"
                }
            },
            "depends_on": []
        }
    ]
}
